
Microsoft Visual Studio Solution File, Format Version 12.00
# Visual Studio Version 17
VisualStudioVersion = 17.8.34205.153
MinimumVisualStudioVersion = 10.0.40219.1
Project("{FAE04EC0-301F-11D3-BF4B-00C04F79EFBC}") = "MauiAppNet8", "MauiAppNet8\MauiAppNet8.csproj", "{7815F036-5E45-43CC-9E54-B1159F7DEF15}"
EndProject
Global
	GlobalSection(SolutionConfigurationPlatforms) = preSolution
		Debug|Any CPU = Debug|Any CPU
		Release|Any CPU = Release|Any CPU
	EndGlobalSection
	GlobalSection(ProjectConfigurationPlatforms) = postSolution
		{7815F036-5E45-43CC-9E54-B1159F7DEF15}.Debug|Any CPU.ActiveCfg = Debug|Any CPU
		{7815F036-5E45-43CC-9E54-B1159F7DEF15}.Debug|Any CPU.Build.0 = Debug|Any CPU
		{7815F036-5E45-43CC-9E54-B1159F7DEF15}.Debug|Any CPU.Deploy.0 = Debug|Any CPU
		{7815F036-5E45-43CC-9E54-B1159F7DEF15}.Release|Any CPU.ActiveCfg = Release|Any CPU
		{7815F036-5E45-43CC-9E54-B1159F7DEF15}.Release|Any CPU.Build.0 = Release|Any CPU
		{7815F036-5E45-43CC-9E54-B1159F7DEF15}.Release|Any CPU.Deploy.0 = Release|Any CPU
	EndGlobalSection
	GlobalSection(SolutionProperties) = preSolution
		HideSolutionNode = FALSE
	EndGlobalSection
	GlobalSection(ExtensibilityGlobals) = postSolution
		SolutionGuid = {F7375D07-9EBC-4586-8936-A36247C3C264}
	EndGlobalSection
EndGlobal
